
Microsoft Visual Studio Solution File, Format Version 12.00
# Visual Studio Version 17
VisualStudioVersion = 17.9.34902.65
MinimumVisualStudioVersion = 10.0.40219.1
Project("{FAE04EC0-301F-11D3-BF4B-00C04F79EFBC}") = "RegexDemo", "RegexDemo\RegexDemo.csproj", "{CDB999BF-C919-4DD4-A4CC-A96C93F8E7E6}"
EndProject
Global
	GlobalSection(SolutionConfigurationPlatforms) = preSolution
		Debug|Any CPU = Debug|Any CPU
		Release|Any CPU = Release|Any CPU
	EndGlobalSection
	GlobalSection(ProjectConfigurationPlatforms) = postSolution
		{CDB999BF-C919-4DD4-A4CC-A96C93F8E7E6}.Debug|Any CPU.ActiveCfg = Debug|Any CPU
		{CDB999BF-C919-4DD4-A4CC-A96C93F8E7E6}.Debug|Any CPU.Build.0 = Debug|Any CPU
		{CDB999BF-C919-4DD4-A4CC-A96C93F8E7E6}.Release|Any CPU.ActiveCfg = Release|Any CPU
		{CDB999BF-C919-4DD4-A4CC-A96C93F8E7E6}.Release|Any CPU.Build.0 = Release|Any CPU
	EndGlobalSection
	GlobalSection(SolutionProperties) = preSolution
		HideSolutionNode = FALSE
	EndGlobalSection
	GlobalSection(ExtensibilityGlobals) = postSolution
		SolutionGuid = {C30D3594-FC88-428B-A2D5-EFBD9BB10FC0}
	EndGlobalSection
EndGlobal
